{
  "nodes": {
    "disko": {
      "inputs": {
        "nixpkgs": [
          "nixpkgs"
        ]
      },
      "locked": {
        "lastModified": 1709439398,
        "narHash": "sha256-MW0zp3ta7SvdpjvhVCbtP20ewRwQZX2vRFn14gTc4Kg=",
        "owner": "nix-community",
        "repo": "disko",
        "rev": "1f76b318aa11170c8ca8c225a9b4c458a5fcbb57",
        "type": "github"
      },
      "original": {
        "owner": "nix-community",
        "repo": "disko",
        "type": "github"
      }
    },
    "flake-secrets": {
      "inputs": {
        "nixpkgs": [
          "nixpkgs"
        ]
      },
      "locked": {
        "lastModified": 1709470062,
        "narHash": "sha256-de+RAVlxi4RqTP3WdOWoA6vOesNJzQ2OULnKM0xV7/4=",
        "ref": "refs/heads/main",
        "rev": "b1e6f591e39ea5792467a941e0829ac8aeeb0ab9",
        "revCount": 1,
        "type": "git",
        "url": "file:./../flake-secrets"
      },
      "original": {
        "type": "git",
        "url": "file:./../flake-secrets"
      }
    },
    "flake-utils": {
      "inputs": {
        "systems": [
          "systems"
        ]
      },
      "locked": {
        "lastModified": 1709126324,
        "narHash": "sha256-q6EQdSeUZOG26WelxqkmR7kArjgWCdw5sfJVHPH/7j8=",
        "owner": "numtide",
        "repo": "flake-utils",
        "rev": "d465f4819400de7c8d874d50b982301f28a84605",
        "type": "github"
      },
      "original": {
        "owner": "numtide",
        "repo": "flake-utils",
        "type": "github"
      }
    },
    "home-manager": {
      "inputs": {
        "nixpkgs": [
          "nixpkgs"
        ]
      },
      "locked": {
        "lastModified": 1709445365,
        "narHash": "sha256-DVv6nd9FQBbMWbOmhq0KVqmlc3y3FMSYl49UXmMcO+0=",
        "owner": "nix-community",
        "repo": "home-manager",
        "rev": "4de84265d7ec7634a69ba75028696d74de9a44a7",
        "type": "github"
      },
      "original": {
        "owner": "nix-community",
        "repo": "home-manager",
        "type": "github"
      }
    },
    "nix-ld": {
      "inputs": {
        "nixpkgs": [
          "nixpkgs"
        ]
      },
      "locked": {
        "lastModified": 1701153607,
        "narHash": "sha256-h+odOVyiGmEERMECoFOj5P7FPiMR8IPRzroFA4sKivg=",
        "owner": "Mic92",
        "repo": "nix-ld",
        "rev": "bf5aa84a713c31d95b4307e442e966d6c7fd7ae7",
        "type": "github"
      },
      "original": {
        "owner": "Mic92",
        "repo": "nix-ld",
        "type": "github"
      }
    },
    "nixpkgs": {
      "locked": {
        "lastModified": 1709237383,
        "narHash": "sha256-cy6ArO4k5qTx+l5o+0mL9f5fa86tYUX3ozE1S+Txlds=",
        "owner": "NixOS",
        "repo": "nixpkgs",
        "rev": "1536926ef5621b09bba54035ae2bb6d806d72ac8",
        "type": "github"
      },
      "original": {
        "owner": "NixOS",
        "ref": "nixos-unstable",
        "repo": "nixpkgs",
        "type": "github"
      }
    },
    "root": {
      "inputs": {
        "disko": "disko",
        "flake-secrets": "flake-secrets",
        "flake-utils": "flake-utils",
        "home-manager": "home-manager",
        "nix-ld": "nix-ld",
        "nixpkgs": "nixpkgs",
        "systems": "systems"
      }
    },
    "systems": {
      "flake": false,
      "locked": {
        "lastModified": 1,
        "narHash": "sha256-8wkkYGr1dPSnX9oVMX8D6dTOROXKOYpBTKfriA0sEBI=",
        "path": "./flake.systems.nix",
        "type": "path"
      },
      "original": {
        "path": "./flake.systems.nix",
        "type": "path"
      }
    }
  },
  "root": "root",
  "version": 7
}
